
Microsoft Visual Studio Solution File, Format Version 12.00
# Visual Studio 2015
Project("{FAE04EC0-301F-11D3-BF4B-00C04F79EFBC}") = "UnityLesson.CSharp", "UnityLesson.CSharp.csproj", "{5DC4F68E-FA74-4DF6-7137-D5C8370710DA}"
EndProject
Project("{FAE04EC0-301F-11D3-BF4B-00C04F79EFBC}") = "UnityLesson.CSharp.Editor", "UnityLesson.CSharp.Editor.csproj", "{F2BAECB0-51DA-C3C6-A4D7-81618F9B7D9C}"
EndProject
Global
	GlobalSection(SolutionConfigurationPlatforms) = preSolution
		Debug|Any CPU = Debug|Any CPU
		Release|Any CPU = Release|Any CPU
	EndGlobalSection
	GlobalSection(ProjectConfigurationPlatforms) = postSolution
		{5DC4F68E-FA74-4DF6-7137-D5C8370710DA}.Debug|Any CPU.ActiveCfg = Debug|Any CPU
		{5DC4F68E-FA74-4DF6-7137-D5C8370710DA}.Debug|Any CPU.Build.0 = Debug|Any CPU
		{5DC4F68E-FA74-4DF6-7137-D5C8370710DA}.Release|Any CPU.ActiveCfg = Release|Any CPU
		{5DC4F68E-FA74-4DF6-7137-D5C8370710DA}.Release|Any CPU.Build.0 = Release|Any CPU
		{F2BAECB0-51DA-C3C6-A4D7-81618F9B7D9C}.Debug|Any CPU.ActiveCfg = Debug|Any CPU
		{F2BAECB0-51DA-C3C6-A4D7-81618F9B7D9C}.Debug|Any CPU.Build.0 = Debug|Any CPU
		{F2BAECB0-51DA-C3C6-A4D7-81618F9B7D9C}.Release|Any CPU.ActiveCfg = Release|Any CPU
		{F2BAECB0-51DA-C3C6-A4D7-81618F9B7D9C}.Release|Any CPU.Build.0 = Release|Any CPU
	EndGlobalSection
	GlobalSection(SolutionProperties) = preSolution
		HideSolutionNode = FALSE
	EndGlobalSection
EndGlobal
